
Microsoft Visual Studio Solution File, Format Version 12.00
# Visual Studio Version 17
VisualStudioVersion = 17.3.32929.385
MinimumVisualStudioVersion = 10.0.40219.1
Project("{FAE04EC0-301F-11D3-BF4B-00C04F79EFBC}") = "merge_sort", "merge_sort\merge_sort.csproj", "{713F475D-D5D7-45E0-AC15-E8367A89D9FF}"
EndProject
Global
	GlobalSection(SolutionConfigurationPlatforms) = preSolution
		Debug|Any CPU = Debug|Any CPU
		Release|Any CPU = Release|Any CPU
	EndGlobalSection
	GlobalSection(ProjectConfigurationPlatforms) = postSolution
		{713F475D-D5D7-45E0-AC15-E8367A89D9FF}.Debug|Any CPU.ActiveCfg = Debug|Any CPU
		{713F475D-D5D7-45E0-AC15-E8367A89D9FF}.Debug|Any CPU.Build.0 = Debug|Any CPU
		{713F475D-D5D7-45E0-AC15-E8367A89D9FF}.Release|Any CPU.ActiveCfg = Release|Any CPU
		{713F475D-D5D7-45E0-AC15-E8367A89D9FF}.Release|Any CPU.Build.0 = Release|Any CPU
	EndGlobalSection
	GlobalSection(SolutionProperties) = preSolution
		HideSolutionNode = FALSE
	EndGlobalSection
	GlobalSection(ExtensibilityGlobals) = postSolution
		SolutionGuid = {791DCB8A-028C-4403-B181-D4598F4E8615}
	EndGlobalSection
EndGlobal
